
Microsoft Visual Studio Solution File, Format Version 12.00
# Visual Studio Version 16
VisualStudioVersion = 16.0.28803.352
MinimumVisualStudioVersion = 10.0.40219.1
Project("{FAE04EC0-301F-11D3-BF4B-00C04F79EFBC}") = "ProyectoFinal", "ProyectoFinal.csproj", "{DC00C6D9-90F0-4442-B440-445959835E7F}"
EndProject
Project("{FAE04EC0-301F-11D3-BF4B-00C04F79EFBC}") = "ProyectoFinalTests5", "..\ProyectoFinalTests5\ProyectoFinalTests5.csproj", "{6490383D-A44F-43CE-955B-B1342F9982CB}"
EndProject
Global
	GlobalSection(SolutionConfigurationPlatforms) = preSolution
		Debug|Any CPU = Debug|Any CPU
		Release|Any CPU = Release|Any CPU
	EndGlobalSection
	GlobalSection(ProjectConfigurationPlatforms) = postSolution
		{DC00C6D9-90F0-4442-B440-445959835E7F}.Debug|Any CPU.ActiveCfg = Debug|Any CPU
		{DC00C6D9-90F0-4442-B440-445959835E7F}.Debug|Any CPU.Build.0 = Debug|Any CPU
		{DC00C6D9-90F0-4442-B440-445959835E7F}.Release|Any CPU.ActiveCfg = Release|Any CPU
		{DC00C6D9-90F0-4442-B440-445959835E7F}.Release|Any CPU.Build.0 = Release|Any CPU
		{6490383D-A44F-43CE-955B-B1342F9982CB}.Debug|Any CPU.ActiveCfg = Debug|Any CPU
		{6490383D-A44F-43CE-955B-B1342F9982CB}.Debug|Any CPU.Build.0 = Debug|Any CPU
		{6490383D-A44F-43CE-955B-B1342F9982CB}.Release|Any CPU.ActiveCfg = Release|Any CPU
		{6490383D-A44F-43CE-955B-B1342F9982CB}.Release|Any CPU.Build.0 = Release|Any CPU
	EndGlobalSection
	GlobalSection(SolutionProperties) = preSolution
		HideSolutionNode = FALSE
	EndGlobalSection
	GlobalSection(ExtensibilityGlobals) = postSolution
		SolutionGuid = {7235929E-612F-4F58-A7CC-5E05E69FB32C}
	EndGlobalSection
EndGlobal
